
Microsoft Visual Studio Solution File, Format Version 12.00
# Visual Studio Version 16
VisualStudioVersion = 16.0.28803.452
MinimumVisualStudioVersion = 10.0.40219.1
Project("{FAE04EC0-301F-11D3-BF4B-00C04F79EFBC}") = "ImageViewer", "ImageViewer\ImageViewer.csproj", "{CAF89E31-C777-4B06-87DC-8F4A92DDEB18}"
EndProject
Global
	GlobalSection(SolutionConfigurationPlatforms) = preSolution
		Debug|Any CPU = Debug|Any CPU
		Release|Any CPU = Release|Any CPU
	EndGlobalSection
	GlobalSection(ProjectConfigurationPlatforms) = postSolution
		{CAF89E31-C777-4B06-87DC-8F4A92DDEB18}.Debug|Any CPU.ActiveCfg = Debug|Any CPU
		{CAF89E31-C777-4B06-87DC-8F4A92DDEB18}.Debug|Any CPU.Build.0 = Debug|Any CPU
		{CAF89E31-C777-4B06-87DC-8F4A92DDEB18}.Release|Any CPU.ActiveCfg = Release|Any CPU
		{CAF89E31-C777-4B06-87DC-8F4A92DDEB18}.Release|Any CPU.Build.0 = Release|Any CPU
	EndGlobalSection
	GlobalSection(SolutionProperties) = preSolution
		HideSolutionNode = FALSE
	EndGlobalSection
	GlobalSection(ExtensibilityGlobals) = postSolution
		SolutionGuid = {1B47E442-5422-4B51-91AF-779B8CD9E564}
	EndGlobalSection
EndGlobal
